
Microsoft Visual Studio Solution File, Format Version 12.00
# Visual Studio Version 17
VisualStudioVersion = 17.3.32901.215
MinimumVisualStudioVersion = 10.0.40219.1
Project("{FAE04EC0-301F-11D3-BF4B-00C04F79EFBC}") = "Conkatt arrays", "Conkatt arrays.csproj", "{D089DF1F-086C-4BD3-8142-FFDB71B4CBA8}"
EndProject
Global
	GlobalSection(SolutionConfigurationPlatforms) = preSolution
		Debug|Any CPU = Debug|Any CPU
		Release|Any CPU = Release|Any CPU
	EndGlobalSection
	GlobalSection(ProjectConfigurationPlatforms) = postSolution
		{D089DF1F-086C-4BD3-8142-FFDB71B4CBA8}.Debug|Any CPU.ActiveCfg = Debug|Any CPU
		{D089DF1F-086C-4BD3-8142-FFDB71B4CBA8}.Debug|Any CPU.Build.0 = Debug|Any CPU
		{D089DF1F-086C-4BD3-8142-FFDB71B4CBA8}.Release|Any CPU.ActiveCfg = Release|Any CPU
		{D089DF1F-086C-4BD3-8142-FFDB71B4CBA8}.Release|Any CPU.Build.0 = Release|Any CPU
	EndGlobalSection
	GlobalSection(SolutionProperties) = preSolution
		HideSolutionNode = FALSE
	EndGlobalSection
	GlobalSection(ExtensibilityGlobals) = postSolution
		SolutionGuid = {C9C73FA7-FCE3-47FF-B689-397FE32EEB2D}
	EndGlobalSection
EndGlobal
