
Microsoft Visual Studio Solution File, Format Version 12.00
# Visual Studio Version 17
VisualStudioVersion = 17.3.32901.215
MinimumVisualStudioVersion = 10.0.40219.1
Project("{FAE04EC0-301F-11D3-BF4B-00C04F79EFBC}") = "bunny ass assignment", "bunny ass assignment.csproj", "{0EE75DFB-8D9C-4F35-9048-C9C8F163395B}"
EndProject
Global
	GlobalSection(SolutionConfigurationPlatforms) = preSolution
		Debug|Any CPU = Debug|Any CPU
		Release|Any CPU = Release|Any CPU
	EndGlobalSection
	GlobalSection(ProjectConfigurationPlatforms) = postSolution
		{0EE75DFB-8D9C-4F35-9048-C9C8F163395B}.Debug|Any CPU.ActiveCfg = Debug|Any CPU
		{0EE75DFB-8D9C-4F35-9048-C9C8F163395B}.Debug|Any CPU.Build.0 = Debug|Any CPU
		{0EE75DFB-8D9C-4F35-9048-C9C8F163395B}.Release|Any CPU.ActiveCfg = Release|Any CPU
		{0EE75DFB-8D9C-4F35-9048-C9C8F163395B}.Release|Any CPU.Build.0 = Release|Any CPU
	EndGlobalSection
	GlobalSection(SolutionProperties) = preSolution
		HideSolutionNode = FALSE
	EndGlobalSection
	GlobalSection(ExtensibilityGlobals) = postSolution
		SolutionGuid = {69389B05-26FD-443A-9A34-F173D17D3520}
	EndGlobalSection
EndGlobal
