
Microsoft Visual Studio Solution File, Format Version 12.00
# Visual Studio Version 17
VisualStudioVersion = 17.3.32922.545
MinimumVisualStudioVersion = 10.0.40219.1
Project("{FAE04EC0-301F-11D3-BF4B-00C04F79EFBC}") = "flow add two", "flow add two.csproj", "{7E874F96-73B0-4BD5-8BB7-16477E570F56}"
EndProject
Global
	GlobalSection(SolutionConfigurationPlatforms) = preSolution
		Debug|Any CPU = Debug|Any CPU
		Release|Any CPU = Release|Any CPU
	EndGlobalSection
	GlobalSection(ProjectConfigurationPlatforms) = postSolution
		{7E874F96-73B0-4BD5-8BB7-16477E570F56}.Debug|Any CPU.ActiveCfg = Debug|Any CPU
		{7E874F96-73B0-4BD5-8BB7-16477E570F56}.Debug|Any CPU.Build.0 = Debug|Any CPU
		{7E874F96-73B0-4BD5-8BB7-16477E570F56}.Release|Any CPU.ActiveCfg = Release|Any CPU
		{7E874F96-73B0-4BD5-8BB7-16477E570F56}.Release|Any CPU.Build.0 = Release|Any CPU
	EndGlobalSection
	GlobalSection(SolutionProperties) = preSolution
		HideSolutionNode = FALSE
	EndGlobalSection
	GlobalSection(ExtensibilityGlobals) = postSolution
		SolutionGuid = {F73D1A2D-FF55-4F46-B391-4788C185AE26}
	EndGlobalSection
EndGlobal
