
Microsoft Visual Studio Solution File, Format Version 12.00
# Visual Studio Version 17
VisualStudioVersion = 17.3.32901.215
MinimumVisualStudioVersion = 10.0.40219.1
Project("{FAE04EC0-301F-11D3-BF4B-00C04F79EFBC}") = "arrays", "arrays.csproj", "{F04B6946-0FF6-434E-97EB-D41778EA2CDE}"
EndProject
Global
	GlobalSection(SolutionConfigurationPlatforms) = preSolution
		Debug|Any CPU = Debug|Any CPU
		Release|Any CPU = Release|Any CPU
	EndGlobalSection
	GlobalSection(ProjectConfigurationPlatforms) = postSolution
		{F04B6946-0FF6-434E-97EB-D41778EA2CDE}.Debug|Any CPU.ActiveCfg = Debug|Any CPU
		{F04B6946-0FF6-434E-97EB-D41778EA2CDE}.Debug|Any CPU.Build.0 = Debug|Any CPU
		{F04B6946-0FF6-434E-97EB-D41778EA2CDE}.Release|Any CPU.ActiveCfg = Release|Any CPU
		{F04B6946-0FF6-434E-97EB-D41778EA2CDE}.Release|Any CPU.Build.0 = Release|Any CPU
	EndGlobalSection
	GlobalSection(SolutionProperties) = preSolution
		HideSolutionNode = FALSE
	EndGlobalSection
	GlobalSection(ExtensibilityGlobals) = postSolution
		SolutionGuid = {90438914-992A-4633-A971-DC5E98910516}
	EndGlobalSection
EndGlobal
