
Microsoft Visual Studio Solution File, Format Version 12.00
# Visual Studio Version 17
VisualStudioVersion = 17.3.32922.545
MinimumVisualStudioVersion = 10.0.40219.1
Project("{FAE04EC0-301F-11D3-BF4B-00C04F79EFBC}") = "if statement", "if statement.csproj", "{3831B552-DBC8-42B9-80DB-FD71A98066BB}"
EndProject
Global
	GlobalSection(SolutionConfigurationPlatforms) = preSolution
		Debug|Any CPU = Debug|Any CPU
		Release|Any CPU = Release|Any CPU
	EndGlobalSection
	GlobalSection(ProjectConfigurationPlatforms) = postSolution
		{3831B552-DBC8-42B9-80DB-FD71A98066BB}.Debug|Any CPU.ActiveCfg = Debug|Any CPU
		{3831B552-DBC8-42B9-80DB-FD71A98066BB}.Debug|Any CPU.Build.0 = Debug|Any CPU
		{3831B552-DBC8-42B9-80DB-FD71A98066BB}.Release|Any CPU.ActiveCfg = Release|Any CPU
		{3831B552-DBC8-42B9-80DB-FD71A98066BB}.Release|Any CPU.Build.0 = Release|Any CPU
	EndGlobalSection
	GlobalSection(SolutionProperties) = preSolution
		HideSolutionNode = FALSE
	EndGlobalSection
	GlobalSection(ExtensibilityGlobals) = postSolution
		SolutionGuid = {B8E0B03F-11F6-4B14-8DB9-6D1854A4DAB9}
	EndGlobalSection
EndGlobal
