
Microsoft Visual Studio Solution File, Format Version 12.00
# Visual Studio Version 17
VisualStudioVersion = 17.3.32922.545
MinimumVisualStudioVersion = 10.0.40219.1
Project("{FAE04EC0-301F-11D3-BF4B-00C04F79EFBC}") = "method assignment", "method assignment.csproj", "{A27F5E0C-8B5E-41EB-B1C8-93DF08C65BB4}"
EndProject
Global
	GlobalSection(SolutionConfigurationPlatforms) = preSolution
		Debug|Any CPU = Debug|Any CPU
		Release|Any CPU = Release|Any CPU
	EndGlobalSection
	GlobalSection(ProjectConfigurationPlatforms) = postSolution
		{A27F5E0C-8B5E-41EB-B1C8-93DF08C65BB4}.Debug|Any CPU.ActiveCfg = Debug|Any CPU
		{A27F5E0C-8B5E-41EB-B1C8-93DF08C65BB4}.Debug|Any CPU.Build.0 = Debug|Any CPU
		{A27F5E0C-8B5E-41EB-B1C8-93DF08C65BB4}.Release|Any CPU.ActiveCfg = Release|Any CPU
		{A27F5E0C-8B5E-41EB-B1C8-93DF08C65BB4}.Release|Any CPU.Build.0 = Release|Any CPU
	EndGlobalSection
	GlobalSection(SolutionProperties) = preSolution
		HideSolutionNode = FALSE
	EndGlobalSection
	GlobalSection(ExtensibilityGlobals) = postSolution
		SolutionGuid = {FAFF60EC-1518-43B5-ADFB-11C453FCD034}
	EndGlobalSection
EndGlobal
