
Microsoft Visual Studio Solution File, Format Version 12.00
# Visual Studio Version 17
VisualStudioVersion = 17.3.32901.215
MinimumVisualStudioVersion = 10.0.40219.1
Project("{9A19103F-16F7-4668-BE54-9A1E7A4F7556}") = "Bob's giveaways", "Bob's giveaways.csproj", "{E5B24383-7D92-414A-8C26-CDDF686DAA38}"
EndProject
Project("{FAE04EC0-301F-11D3-BF4B-00C04F79EFBC}") = "messing around", "..\messing around\messing around.csproj", "{09A949F6-D98F-416D-ABE1-49D3067E7EB6}"
EndProject
Global
	GlobalSection(SolutionConfigurationPlatforms) = preSolution
		Debug|Any CPU = Debug|Any CPU
		Release|Any CPU = Release|Any CPU
	EndGlobalSection
	GlobalSection(ProjectConfigurationPlatforms) = postSolution
		{E5B24383-7D92-414A-8C26-CDDF686DAA38}.Debug|Any CPU.ActiveCfg = Debug|Any CPU
		{E5B24383-7D92-414A-8C26-CDDF686DAA38}.Debug|Any CPU.Build.0 = Debug|Any CPU
		{E5B24383-7D92-414A-8C26-CDDF686DAA38}.Release|Any CPU.ActiveCfg = Release|Any CPU
		{E5B24383-7D92-414A-8C26-CDDF686DAA38}.Release|Any CPU.Build.0 = Release|Any CPU
		{09A949F6-D98F-416D-ABE1-49D3067E7EB6}.Debug|Any CPU.ActiveCfg = Debug|Any CPU
		{09A949F6-D98F-416D-ABE1-49D3067E7EB6}.Debug|Any CPU.Build.0 = Debug|Any CPU
		{09A949F6-D98F-416D-ABE1-49D3067E7EB6}.Release|Any CPU.ActiveCfg = Release|Any CPU
		{09A949F6-D98F-416D-ABE1-49D3067E7EB6}.Release|Any CPU.Build.0 = Release|Any CPU
	EndGlobalSection
	GlobalSection(SolutionProperties) = preSolution
		HideSolutionNode = FALSE
	EndGlobalSection
	GlobalSection(ExtensibilityGlobals) = postSolution
		SolutionGuid = {45680B94-B535-47AC-95B1-315B824BB265}
	EndGlobalSection
EndGlobal
