
Microsoft Visual Studio Solution File, Format Version 12.00
# Visual Studio Version 17
VisualStudioVersion = 17.3.32922.545
MinimumVisualStudioVersion = 10.0.40219.1
Project("{FAE04EC0-301F-11D3-BF4B-00C04F79EFBC}") = "operators expressions and statements", "operators expressions and statements.csproj", "{0BECE3DD-5913-47C9-979E-5EA77DA54F74}"
EndProject
Global
	GlobalSection(SolutionConfigurationPlatforms) = preSolution
		Debug|Any CPU = Debug|Any CPU
		Release|Any CPU = Release|Any CPU
	EndGlobalSection
	GlobalSection(ProjectConfigurationPlatforms) = postSolution
		{0BECE3DD-5913-47C9-979E-5EA77DA54F74}.Debug|Any CPU.ActiveCfg = Debug|Any CPU
		{0BECE3DD-5913-47C9-979E-5EA77DA54F74}.Debug|Any CPU.Build.0 = Debug|Any CPU
		{0BECE3DD-5913-47C9-979E-5EA77DA54F74}.Release|Any CPU.ActiveCfg = Release|Any CPU
		{0BECE3DD-5913-47C9-979E-5EA77DA54F74}.Release|Any CPU.Build.0 = Release|Any CPU
	EndGlobalSection
	GlobalSection(SolutionProperties) = preSolution
		HideSolutionNode = FALSE
	EndGlobalSection
	GlobalSection(ExtensibilityGlobals) = postSolution
		SolutionGuid = {5E5895A8-A5C2-4C67-A9AB-8E174BD66351}
	EndGlobalSection
EndGlobal
