
Microsoft Visual Studio Solution File, Format Version 12.00
# Visual Studio Version 17
VisualStudioVersion = 17.3.32922.545
MinimumVisualStudioVersion = 10.0.40219.1
Project("{FAE04EC0-301F-11D3-BF4B-00C04F79EFBC}") = "methodz", "methodz.csproj", "{3732DE93-E3D7-427F-B950-464BB707E9DD}"
EndProject
Global
	GlobalSection(SolutionConfigurationPlatforms) = preSolution
		Debug|Any CPU = Debug|Any CPU
		Release|Any CPU = Release|Any CPU
	EndGlobalSection
	GlobalSection(ProjectConfigurationPlatforms) = postSolution
		{3732DE93-E3D7-427F-B950-464BB707E9DD}.Debug|Any CPU.ActiveCfg = Debug|Any CPU
		{3732DE93-E3D7-427F-B950-464BB707E9DD}.Debug|Any CPU.Build.0 = Debug|Any CPU
		{3732DE93-E3D7-427F-B950-464BB707E9DD}.Release|Any CPU.ActiveCfg = Release|Any CPU
		{3732DE93-E3D7-427F-B950-464BB707E9DD}.Release|Any CPU.Build.0 = Release|Any CPU
	EndGlobalSection
	GlobalSection(SolutionProperties) = preSolution
		HideSolutionNode = FALSE
	EndGlobalSection
	GlobalSection(ExtensibilityGlobals) = postSolution
		SolutionGuid = {1FC1E525-8034-4B4C-A2A7-64858A98F8A9}
	EndGlobalSection
EndGlobal
