
Microsoft Visual Studio Solution File, Format Version 12.00
# Visual Studio Version 17
VisualStudioVersion = 17.3.32922.545
MinimumVisualStudioVersion = 10.0.40219.1
Project("{FAE04EC0-301F-11D3-BF4B-00C04F79EFBC}") = "Calculator in class", "Calculator in class.csproj", "{6361DFE9-EAFE-410E-937E-026A9751409F}"
EndProject
Global
	GlobalSection(SolutionConfigurationPlatforms) = preSolution
		Debug|Any CPU = Debug|Any CPU
		Release|Any CPU = Release|Any CPU
	EndGlobalSection
	GlobalSection(ProjectConfigurationPlatforms) = postSolution
		{6361DFE9-EAFE-410E-937E-026A9751409F}.Debug|Any CPU.ActiveCfg = Debug|Any CPU
		{6361DFE9-EAFE-410E-937E-026A9751409F}.Debug|Any CPU.Build.0 = Debug|Any CPU
		{6361DFE9-EAFE-410E-937E-026A9751409F}.Release|Any CPU.ActiveCfg = Release|Any CPU
		{6361DFE9-EAFE-410E-937E-026A9751409F}.Release|Any CPU.Build.0 = Release|Any CPU
	EndGlobalSection
	GlobalSection(SolutionProperties) = preSolution
		HideSolutionNode = FALSE
	EndGlobalSection
	GlobalSection(ExtensibilityGlobals) = postSolution
		SolutionGuid = {FDDBC2DE-127B-4AC8-8F10-96CF0112236F}
	EndGlobalSection
EndGlobal
